
Microsoft Visual Studio Solution File, Format Version 12.00
# Visual Studio Version 17
VisualStudioVersion = 17.1.32210.238
MinimumVisualStudioVersion = 10.0.40219.1
Project("{FAE04EC0-301F-11D3-BF4B-00C04F79EFBC}") = "Алгоритм 10", "Алгоритм 10.csproj", "{4996887C-B79E-435D-95D1-18C3A29DFD71}"
EndProject
Global
	GlobalSection(SolutionConfigurationPlatforms) = preSolution
		Debug|Any CPU = Debug|Any CPU
		Release|Any CPU = Release|Any CPU
	EndGlobalSection
	GlobalSection(ProjectConfigurationPlatforms) = postSolution
		{4996887C-B79E-435D-95D1-18C3A29DFD71}.Debug|Any CPU.ActiveCfg = Debug|Any CPU
		{4996887C-B79E-435D-95D1-18C3A29DFD71}.Debug|Any CPU.Build.0 = Debug|Any CPU
		{4996887C-B79E-435D-95D1-18C3A29DFD71}.Release|Any CPU.ActiveCfg = Release|Any CPU
		{4996887C-B79E-435D-95D1-18C3A29DFD71}.Release|Any CPU.Build.0 = Release|Any CPU
	EndGlobalSection
	GlobalSection(SolutionProperties) = preSolution
		HideSolutionNode = FALSE
	EndGlobalSection
	GlobalSection(ExtensibilityGlobals) = postSolution
		SolutionGuid = {D20DB728-0F46-4136-82F6-FC00CD321D2A}
	EndGlobalSection
EndGlobal
